{
    "_meta": {
        "hash": {
            "sha256": "72c165d92e723c6a3a2a003f0bfd1a3414ef83b3190ed2839b235bc3c213401d"
        },
        "pipfile-spec": 6,
        "requires": {
            "python_version": "3.6"
        },
        "sources": [
            {
                "name": "pypi",
                "url": "https://pypi.org/simple",
                "verify_ssl": true
            }
        ]
    },
    "default": {
        "certifi": {
            "hashes": [
                "sha256:017c25db2a153ce562900032d5bc68e9f191e44e9a0f762f373977de9df1fbb3",
                "sha256:25b64c7da4cd7479594d035c08c2d809eb4aab3a26e5a990ea98cc450c320f1f"
            ],
            "version": "==2019.11.28"
        },
        "chardet": {
            "hashes": [
                "sha256:84ab92ed1c4d4f16916e05906b6b75a6c0fb5db821cc65e70cbd64a3e2a5eaae",
                "sha256:fc323ffcaeaed0e0a02bf4d117757b98aed530d9ed4531e3e15460124c106691"
            ],
            "version": "==3.0.4"
        },
        "idna": {
            "hashes": [
                "sha256:7588d1c14ae4c77d74036e8c22ff447b26d0fde8f007354fd48a7814db15b7cb",
                "sha256:a068a21ceac8a4d63dbfd964670474107f541babbd2250d61922f029858365fa"
            ],
            "version": "==2.9"
        },
        "requests": {
            "hashes": [
                "sha256:43999036bfa82904b6af1d99e4882b560e5e2c68e5c4b0aa03b655f3d7d73fee",
                "sha256:b3f43d496c6daba4493e7c431722aeb7dbc6288f52a6e04e7b6023b0247817e6"
            ],
            "index": "pypi",
            "version": "==2.23.0"
        },
        "urllib3": {
            "hashes": [
                "sha256:2f3db8b19923a873b3e5256dc9c2dedfa883e33d87c690d9c7913e1f40673cdc",
                "sha256:87716c2d2a7121198ebcb7ce7cccf6ce5e9ba539041cfbaeecfb641dc0bf6acc"
            ],
            "version": "==1.25.8"
        }
    },
    "develop": {
        "attrs": {
            "hashes": [
                "sha256:08a96c641c3a74e44eb59afb61a24f2cb9f4d7188748e76ba4bb5edfa3cb7d1c",
                "sha256:f7b7ce16570fe9965acd6d30101a28f62fb4a7f9e926b3bbc9b61f8b04247e72"
            ],
            "version": "==19.3.0"
        },
        "coverage": {
            "hashes": [
                "sha256:012157499ec4f135fc36cd2177e3d1a1840af9b236cbe80e9a5ccfc83d912a69",
                "sha256:0a34d313105cdd0d3644c56df2d743fe467270d6ab93b5d4a347eb9fec8924d6",
                "sha256:11e61c5548ecf74ea1f8b059730b049871f0e32b74f88bd0d670c20c819ad749",
                "sha256:152cc2624381df4e4e604e21bd8e95eb8059535f7b768c1fb8b8ae0b26f47ab0",
                "sha256:1b4285fde5286b946835a1a53bba3ad41ef74285ba9e8013e14b5ea93deaeafc",
                "sha256:27a94db5dc098c25048b0aca155f5fac674f2cf1b1736c5272ba28ead2fc267e",
                "sha256:27ac7cb84538e278e07569ceaaa6f807a029dc194b1c819a9820b9bb5dbf63ab",
                "sha256:2a491e159294d756e7fc8462f98175e2d2225e4dbe062cca7d3e0d5a75ba6260",
                "sha256:2bc85664b06ba42d14bb74d6ddf19d8bfc520cb660561d2d9ce5786ae72f71b5",
                "sha256:32168001f33025fd756884d56d01adebb34e6c8c0b3395ca8584cdcee9c7c9d2",
                "sha256:3c4ce3b647bd1792d4394f5690d9df6dc035b00bcdbc5595099c01282a59ae01",
                "sha256:433b99f7b0613bdcdc0b00cc3d39ed6d756797e3b078d2c43f8a38288520aec6",
                "sha256:4578728c36de2801c1deb1c6b760d31883e62e33f33c7ba8f982e609dc95167d",
                "sha256:509c68c3e2015022aeda03b003dd68fa19987cdcf64e9d4edc98db41cfc45d30",
                "sha256:51372e24b1f7143ee2df6b45cff6a721f3abe93b1e506196f3ffa4155c2497f7",
                "sha256:5d008e0f67ac800b0ca04d7914b8501312c8c6c00ad8c7ba17754609fae1231a",
                "sha256:649df3641eb351cdfd0d5533c92fc9df507b6b2bf48a7ef8c71ab63cbc7b5c3c",
                "sha256:6e78b1e25e5c5695dea012be473e442f7094d066925604be20b30713dbd47f89",
                "sha256:72d9d186508325a456475dd05b1756f9a204c7086b07fffb227ef8cee03b1dc2",
                "sha256:7d82c610a2e10372e128023c5baf9ce3d270f3029fe7274ff5bc2897c68f1318",
                "sha256:7ee317486593193e066fc5e98ac0ce712178c21529a85c07b7cb978171f25d53",
                "sha256:7eed8459a2b81848cafb3280b39d7d49950d5f98e403677941c752e7e7ee47cb",
                "sha256:823f9325283dc9565ba0aa2d240471a93ca8999861779b2b6c7aded45b58ee0f",
                "sha256:85c5fc9029043cf8b07f73fbb0a7ab6d3b717510c3b5642b77058ea55d7cacde",
                "sha256:86c91c511853dfda81c2cf2360502cb72783f4b7cebabef27869f00cbe1db07d",
                "sha256:8e0c3525b1a182c8ffc9bca7e56b521e0c2b8b3e82f033c8e16d6d721f1b54d6",
                "sha256:987a84ff98a309994ca77ed3cc4b92424f824278e48e4bf7d1bb79a63cfe2099",
                "sha256:9ed3244b415725f08ca3bdf02ed681089fd95e9465099a21c8e2d9c5d6ca2606",
                "sha256:a189036c50dcd56100746139a459f0d27540fef95b09aba03e786540b8feaa5f",
                "sha256:a4748349734110fd32d46ff8897b561e6300d8989a494ad5a0a2e4f0ca974fc7",
                "sha256:a5d79c9af3f410a2b5acad91258b4ae179ee9c83897eb9de69151b179b0227f5",
                "sha256:a7596aa2f2b8fa5604129cfc9a27ad9beec0a96f18078cb424d029fdd707468d",
                "sha256:ab4fc4b866b279740e0d917402f0e9a08683e002f43fa408e9655818ed392196",
                "sha256:bde4aeabc0d1b2e52c4036c54440b1ad05beeca8113f47aceb4998bb7471e2c2",
                "sha256:c72bb4679283c6737f452eeb9b2a0e570acaef2197ad255fb20162adc80bea76",
                "sha256:c8582e9280f8d0f38114fe95a92ae8d0790b56b099d728cc4f8a2e14b1c4a18c",
                "sha256:ca29c352389ea27a24c79acd117abdd8a865c6eb01576b6f0990cd9a4e9c9f48",
                "sha256:ce443a3e6df90d692c38762f108fc4c88314bf477689f04de76b3f252e7a351c",
                "sha256:d1675db48490e5fa0b300f6329ecb8a9a37c29b9ab64fa9c964d34111788ca2d",
                "sha256:da1a428bdbe71f9a8c270c7baab29e9552ac9d0e0cba5e7e9a4c9ee6465d258d",
                "sha256:e4ff163602c5c77e7bb4ea81ba5d3b793b4419f8acd296aae149370902cf4e92",
                "sha256:e67ccd53da5958ea1ec833a160b96357f90859c220a00150de011b787c27b98d",
                "sha256:e8071e7d9ba9f457fc674afc3de054450be2c9b195c470147fbbc082468d8ff7",
                "sha256:fff16a30fdf57b214778eff86391301c4509e327a65b877862f7c929f10a4253"
            ],
            "version": "==6.3"
        },
        "entrypoints": {
            "hashes": [
                "sha256:589f874b313739ad35be6e0cd7efde2a4e9b6fea91edcc34e58ecbb8dbe56d19",
                "sha256:c70dd71abe5a8c85e55e12c19bd91ccfeec11a6e99044204511f9ed547d48451"
            ],
            "version": "==0.3"
        },
        "flake8": {
            "hashes": [
                "sha256:45681a117ecc81e870cbf1262835ae4af5e7a8b08e40b944a8a6e6b895914cfb",
                "sha256:49356e766643ad15072a789a20915d3c91dc89fd313ccd71802303fd67e4deca"
            ],
            "index": "pypi",
            "version": "==3.7.9"
        },
        "importlib-metadata": {
            "hashes": [
                "sha256:06f5b3a99029c7134207dd882428a66992a9de2bef7c2b699b5641f9886c3302",
                "sha256:b97607a1a18a5100839aec1dc26a1ea17ee0d93b20b0f008d80a5a050afb200b"
            ],
            "markers": "python_version < '3.8'",
            "version": "==1.5.0"
        },
        "mccabe": {
            "hashes": [
                "sha256:ab8a6258860da4b6677da4bd2fe5dc2c659cff31b3ee4f7f5d64e79735b80d42",
                "sha256:dd8d182285a0fe56bace7f45b5e7d1a6ebcbf524e8f3bd87eb0f125271b8831f"
            ],
            "version": "==0.6.1"
        },
        "more-itertools": {
            "hashes": [
                "sha256:5dd8bcf33e5f9513ffa06d5ad33d78f31e1931ac9a18f33d37e77a180d393a7c",
                "sha256:b1ddb932186d8a6ac451e1d95844b382f55e12686d51ca0c68b6f61f2ab7a507"
            ],
            "version": "==8.2.0"
        },
        "packaging": {
            "hashes": [
                "sha256:170748228214b70b672c581a3dd610ee51f733018650740e98c7df862a583f73",
                "sha256:e665345f9eef0c621aa0bf2f8d78cf6d21904eef16a93f020240b704a57f1334"
            ],
            "version": "==20.1"
        },
        "pluggy": {
            "hashes": [
                "sha256:15b2acde666561e1298d71b523007ed7364de07029219b604cf808bfa1c765b0",
                "sha256:966c145cd83c96502c3c3868f50408687b38434af77734af1e9ca461a4081d2d"
            ],
            "version": "==0.13.1"
        },
        "py": {
            "hashes": [
                "sha256:5e27081401262157467ad6e7f851b7aa402c5852dbcb3dae06768434de5752aa",
                "sha256:c20fdd83a5dbc0af9efd622bee9a5564e278f6380fffcacc43ba6f43db2813b0"
            ],
            "version": "==1.8.1"
        },
        "pycodestyle": {
            "hashes": [
                "sha256:95a2219d12372f05704562a14ec30bc76b05a5b297b21a5dfe3f6fac3491ae56",
                "sha256:e40a936c9a450ad81df37f549d676d127b1b66000a6c500caa2b085bc0ca976c"
            ],
            "version": "==2.5.0"
        },
        "pyflakes": {
            "hashes": [
                "sha256:17dbeb2e3f4d772725c777fabc446d5634d1038f234e77343108ce445ea69ce0",
                "sha256:d976835886f8c5b31d47970ed689944a0262b5f3afa00a5a7b4dc81e5449f8a2"
            ],
            "version": "==2.1.1"
        },
        "pyparsing": {
            "hashes": [
                "sha256:4c830582a84fb022400b85429791bc551f1f4871c33f23e44f353119e92f969f",
                "sha256:c342dccb5250c08d45fd6f8b4a559613ca603b57498511740e65cd11a2e7dcec"
            ],
            "version": "==2.4.6"
        },
        "pytest": {
            "hashes": [
                "sha256:0d5fe9189a148acc3c3eb2ac8e1ac0742cb7618c084f3d228baaec0c254b318d",
                "sha256:ff615c761e25eb25df19edddc0b970302d2a9091fbce0e7213298d85fb61fef6"
            ],
            "index": "pypi",
            "version": "==5.3.5"
        },
        "pytest-cov": {
            "hashes": [
                "sha256:cc6742d8bac45070217169f5f72ceee1e0e55b0221f54bcf24845972d3a47f2b",
                "sha256:cdbdef4f870408ebdbfeb44e63e07eb18bb4619fae852f6e760645fa36172626"
            ],
            "index": "pypi",
            "version": "==2.8.1"
        },
        "pytest-mock": {
            "hashes": [
                "sha256:b35eb281e93aafed138db25c8772b95d3756108b601947f89af503f8c629413f",
                "sha256:cb67402d87d5f53c579263d37971a164743dc33c159dfb4fb4a86f37c5552307"
            ],
            "index": "pypi",
            "version": "==2.0.0"
        },
        "six": {
            "hashes": [
                "sha256:236bdbdce46e6e6a3d61a337c0f8b763ca1e8717c03b369e87a7ec7ce1319c0a",
                "sha256:8f3cd2e254d8f793e7f3d6d9df77b92252b52637291d0f0da013c76ea2724b6c"
            ],
            "version": "==1.14.0"
        },
        "wcwidth": {
            "hashes": [
                "sha256:8fd29383f539be45b20bd4df0dc29c20ba48654a41e661925e612311e9f3c603",
                "sha256:f28b3e8a6483e5d49e7f8949ac1a78314e740333ae305b4ba5defd3e74fb37a8"
            ],
            "version": "==0.1.8"
        },
        "zipp": {
            "hashes": [
                "sha256:12248a63bbdf7548f89cb4c7cda4681e537031eda29c02ea29674bc6854460c2",
                "sha256:7c0f8e91abc0dc07a5068f315c52cb30c66bfbc581e5b50704c8a2f6ebae794a"
            ],
            "version": "==3.0.0"
        }
    }
}
